
Microsoft Visual Studio Solution File, Format Version 12.00
# Visual Studio 2012
Project("{FAE04EC0-301F-11D3-BF4B-00C04F79EFBC}") = "CharacterSheet", "CharacterSheet\CharacterSheet.csproj", "{DB031A89-474F-4497-BE02-F1B59B9D0ABB}"
EndProject
Project("{FAE04EC0-301F-11D3-BF4B-00C04F79EFBC}") = "StartupScreenModule", "StartupScreenModule\StartupScreenModule.csproj", "{04483DC1-300B-4EFC-8A8F-33E7B07D1EFB}"
EndProject
Project("{FAE04EC0-301F-11D3-BF4B-00C04F79EFBC}") = "NavigationBarModule", "NavigationBarModule\NavigationBarModule.csproj", "{8C2F9833-4A94-4706-983E-2DB738E88AF3}"
EndProject
Project("{FAE04EC0-301F-11D3-BF4B-00C04F79EFBC}") = "CombatModule", "CombatModule\CombatModule.csproj", "{8454F67A-6822-4B76-BAA4-989367AE035A}"
EndProject
Project("{FAE04EC0-301F-11D3-BF4B-00C04F79EFBC}") = "GearModule", "GearModule\GearModule.csproj", "{4383310F-5998-4D74-972A-C55F1617DF2F}"
EndProject
Project("{FAE04EC0-301F-11D3-BF4B-00C04F79EFBC}") = "CharacterModule", "CharacterModule\CharacterModule.csproj", "{53CD7A1B-B743-4605-8813-64227D0C7190}"
EndProject
Project("{FAE04EC0-301F-11D3-BF4B-00C04F79EFBC}") = "SpellsFeatsSkillsModule", "SpellsFeatsSkillsModule\SpellsFeatsSkillsModule.csproj", "{56BF4C35-2BFB-4C17-AC6F-A8A51ABCC64A}"
EndProject
Project("{FAE04EC0-301F-11D3-BF4B-00C04F79EFBC}") = "ActiveCharacter", "ActiveCharacter\ActiveCharacter.csproj", "{EA7669D4-1E0C-43F1-B95D-7CB546946BA1}"
EndProject
Project("{2150E333-8FDC-42A3-9474-1A3956D46DE8}") = "Shared", "Shared", "{E2ECAD2E-09AF-4DD3-8F32-C0C5595E26F3}"
EndProject
Project("{FAE04EC0-301F-11D3-BF4B-00C04F79EFBC}") = "ModuleTools", "ModuleTools\ModuleTools.csproj", "{6F33588C-D90A-440B-BB32-32289581C938}"
EndProject
Project("{2150E333-8FDC-42A3-9474-1A3956D46DE8}") = "Modules", "Modules", "{EE5C3D89-183B-4474-BA5B-FFDFC1F0F0EF}"
EndProject
Project("{FAE04EC0-301F-11D3-BF4B-00C04F79EFBC}") = "UnitTests", "UnitTests\UnitTests.csproj", "{10B75EED-A620-475A-8EDB-8796BD68C78A}"
EndProject
Global
	GlobalSection(SolutionConfigurationPlatforms) = preSolution
		Debug|Any CPU = Debug|Any CPU
		Release|Any CPU = Release|Any CPU
	EndGlobalSection
	GlobalSection(ProjectConfigurationPlatforms) = postSolution
		{DB031A89-474F-4497-BE02-F1B59B9D0ABB}.Debug|Any CPU.ActiveCfg = Debug|Any CPU
		{DB031A89-474F-4497-BE02-F1B59B9D0ABB}.Debug|Any CPU.Build.0 = Debug|Any CPU
		{DB031A89-474F-4497-BE02-F1B59B9D0ABB}.Release|Any CPU.ActiveCfg = Release|Any CPU
		{DB031A89-474F-4497-BE02-F1B59B9D0ABB}.Release|Any CPU.Build.0 = Release|Any CPU
		{04483DC1-300B-4EFC-8A8F-33E7B07D1EFB}.Debug|Any CPU.ActiveCfg = Debug|Any CPU
		{04483DC1-300B-4EFC-8A8F-33E7B07D1EFB}.Debug|Any CPU.Build.0 = Debug|Any CPU
		{04483DC1-300B-4EFC-8A8F-33E7B07D1EFB}.Release|Any CPU.ActiveCfg = Release|Any CPU
		{04483DC1-300B-4EFC-8A8F-33E7B07D1EFB}.Release|Any CPU.Build.0 = Release|Any CPU
		{8C2F9833-4A94-4706-983E-2DB738E88AF3}.Debug|Any CPU.ActiveCfg = Debug|Any CPU
		{8C2F9833-4A94-4706-983E-2DB738E88AF3}.Debug|Any CPU.Build.0 = Debug|Any CPU
		{8C2F9833-4A94-4706-983E-2DB738E88AF3}.Release|Any CPU.ActiveCfg = Release|Any CPU
		{8C2F9833-4A94-4706-983E-2DB738E88AF3}.Release|Any CPU.Build.0 = Release|Any CPU
		{8454F67A-6822-4B76-BAA4-989367AE035A}.Debug|Any CPU.ActiveCfg = Debug|Any CPU
		{8454F67A-6822-4B76-BAA4-989367AE035A}.Debug|Any CPU.Build.0 = Debug|Any CPU
		{8454F67A-6822-4B76-BAA4-989367AE035A}.Release|Any CPU.ActiveCfg = Release|Any CPU
		{8454F67A-6822-4B76-BAA4-989367AE035A}.Release|Any CPU.Build.0 = Release|Any CPU
		{4383310F-5998-4D74-972A-C55F1617DF2F}.Debug|Any CPU.ActiveCfg = Debug|Any CPU
		{4383310F-5998-4D74-972A-C55F1617DF2F}.Debug|Any CPU.Build.0 = Debug|Any CPU
		{4383310F-5998-4D74-972A-C55F1617DF2F}.Release|Any CPU.ActiveCfg = Release|Any CPU
		{4383310F-5998-4D74-972A-C55F1617DF2F}.Release|Any CPU.Build.0 = Release|Any CPU
		{53CD7A1B-B743-4605-8813-64227D0C7190}.Debug|Any CPU.ActiveCfg = Debug|Any CPU
		{53CD7A1B-B743-4605-8813-64227D0C7190}.Debug|Any CPU.Build.0 = Debug|Any CPU
		{53CD7A1B-B743-4605-8813-64227D0C7190}.Debug|Any CPU.Deploy.0 = Debug|Any CPU
		{53CD7A1B-B743-4605-8813-64227D0C7190}.Release|Any CPU.ActiveCfg = Release|Any CPU
		{53CD7A1B-B743-4605-8813-64227D0C7190}.Release|Any CPU.Build.0 = Release|Any CPU
		{56BF4C35-2BFB-4C17-AC6F-A8A51ABCC64A}.Debug|Any CPU.ActiveCfg = Debug|Any CPU
		{56BF4C35-2BFB-4C17-AC6F-A8A51ABCC64A}.Debug|Any CPU.Build.0 = Debug|Any CPU
		{56BF4C35-2BFB-4C17-AC6F-A8A51ABCC64A}.Release|Any CPU.ActiveCfg = Release|Any CPU
		{56BF4C35-2BFB-4C17-AC6F-A8A51ABCC64A}.Release|Any CPU.Build.0 = Release|Any CPU
		{EA7669D4-1E0C-43F1-B95D-7CB546946BA1}.Debug|Any CPU.ActiveCfg = Debug|Any CPU
		{EA7669D4-1E0C-43F1-B95D-7CB546946BA1}.Debug|Any CPU.Build.0 = Debug|Any CPU
		{EA7669D4-1E0C-43F1-B95D-7CB546946BA1}.Release|Any CPU.ActiveCfg = Release|Any CPU
		{EA7669D4-1E0C-43F1-B95D-7CB546946BA1}.Release|Any CPU.Build.0 = Release|Any CPU
		{6F33588C-D90A-440B-BB32-32289581C938}.Debug|Any CPU.ActiveCfg = Debug|Any CPU
		{6F33588C-D90A-440B-BB32-32289581C938}.Debug|Any CPU.Build.0 = Debug|Any CPU
		{6F33588C-D90A-440B-BB32-32289581C938}.Release|Any CPU.ActiveCfg = Release|Any CPU
		{6F33588C-D90A-440B-BB32-32289581C938}.Release|Any CPU.Build.0 = Release|Any CPU
		{10B75EED-A620-475A-8EDB-8796BD68C78A}.Debug|Any CPU.ActiveCfg = Debug|Any CPU
		{10B75EED-A620-475A-8EDB-8796BD68C78A}.Debug|Any CPU.Build.0 = Debug|Any CPU
		{10B75EED-A620-475A-8EDB-8796BD68C78A}.Release|Any CPU.ActiveCfg = Release|Any CPU
		{10B75EED-A620-475A-8EDB-8796BD68C78A}.Release|Any CPU.Build.0 = Release|Any CPU
	EndGlobalSection
	GlobalSection(SolutionProperties) = preSolution
		HideSolutionNode = FALSE
	EndGlobalSection
	GlobalSection(NestedProjects) = preSolution
		{8C2F9833-4A94-4706-983E-2DB738E88AF3} = {EE5C3D89-183B-4474-BA5B-FFDFC1F0F0EF}
		{8454F67A-6822-4B76-BAA4-989367AE035A} = {EE5C3D89-183B-4474-BA5B-FFDFC1F0F0EF}
		{4383310F-5998-4D74-972A-C55F1617DF2F} = {EE5C3D89-183B-4474-BA5B-FFDFC1F0F0EF}
		{53CD7A1B-B743-4605-8813-64227D0C7190} = {EE5C3D89-183B-4474-BA5B-FFDFC1F0F0EF}
		{56BF4C35-2BFB-4C17-AC6F-A8A51ABCC64A} = {EE5C3D89-183B-4474-BA5B-FFDFC1F0F0EF}
		{04483DC1-300B-4EFC-8A8F-33E7B07D1EFB} = {EE5C3D89-183B-4474-BA5B-FFDFC1F0F0EF}
		{6F33588C-D90A-440B-BB32-32289581C938} = {E2ECAD2E-09AF-4DD3-8F32-C0C5595E26F3}
	EndGlobalSection
EndGlobal
