
Microsoft Visual Studio Solution File, Format Version 12.00
# Visual Studio 14
VisualStudioVersion = 14.0.24720.0
MinimumVisualStudioVersion = 10.0.40219.1
Project("{FAE04EC0-301F-11D3-BF4B-00C04F79EFBC}") = "CharacterSheet", "CharacterSheet\CharacterSheet.csproj", "{DB031A89-474F-4497-BE02-F1B59B9D0ABB}"
EndProject
Project("{FAE04EC0-301F-11D3-BF4B-00C04F79EFBC}") = "OptionsModule", "StartupScreenModule\OptionsModule.csproj", "{04483DC1-300B-4EFC-8A8F-33E7B07D1EFB}"
EndProject
Project("{FAE04EC0-301F-11D3-BF4B-00C04F79EFBC}") = "NavigationBarModule", "NavigationBarModule\NavigationBarModule.csproj", "{8C2F9833-4A94-4706-983E-2DB738E88AF3}"
EndProject
Project("{FAE04EC0-301F-11D3-BF4B-00C04F79EFBC}") = "CombatModule", "CombatModule\CombatModule.csproj", "{8454F67A-6822-4B76-BAA4-989367AE035A}"
EndProject
Project("{FAE04EC0-301F-11D3-BF4B-00C04F79EFBC}") = "GearModule", "GearModule\GearModule.csproj", "{4383310F-5998-4D74-972A-C55F1617DF2F}"
EndProject
Project("{FAE04EC0-301F-11D3-BF4B-00C04F79EFBC}") = "CharacterModule", "CharacterModule\CharacterModule.csproj", "{53CD7A1B-B743-4605-8813-64227D0C7190}"
EndProject
Project("{FAE04EC0-301F-11D3-BF4B-00C04F79EFBC}") = "ActiveCharacter", "ActiveCharacter\ActiveCharacter.csproj", "{EA7669D4-1E0C-43F1-B95D-7CB546946BA1}"
EndProject
Project("{FAE04EC0-301F-11D3-BF4B-00C04F79EFBC}") = "ModuleTools", "ModuleTools\ModuleTools.csproj", "{6F33588C-D90A-440B-BB32-32289581C938}"
EndProject
Project("{2150E333-8FDC-42A3-9474-1A3956D46DE8}") = "Modules", "Modules", "{EE5C3D89-183B-4474-BA5B-FFDFC1F0F0EF}"
EndProject
Project("{FAE04EC0-301F-11D3-BF4B-00C04F79EFBC}") = "SpellsModule", "SpellsModule\SpellsModule.csproj", "{9DB6FA74-C19F-402D-87AE-F423FA3719D6}"
EndProject
Project("{FAE04EC0-301F-11D3-BF4B-00C04F79EFBC}") = "SkillsModule", "SkillsModule\SkillsModule.csproj", "{4DD8CD17-FD03-45F5-B980-379B27C22066}"
EndProject
Project("{FAE04EC0-301F-11D3-BF4B-00C04F79EFBC}") = "FeatsModule", "FeatsModule\FeatsModule.csproj", "{CF3363EB-89F9-4E99-A846-C83922E85854}"
EndProject
Project("{FAE04EC0-301F-11D3-BF4B-00C04F79EFBC}") = "StatusBarModule", "StatusBarModule\StatusBarModule.csproj", "{C74E9B04-59D5-47CC-A560-D483039A928F}"
EndProject
Project("{FAE04EC0-301F-11D3-BF4B-00C04F79EFBC}") = "CharacterCreationModule", "CharacterCreationModule\CharacterCreationModule.csproj", "{91FAEEE9-CA20-453D-A8BA-247B5AFBBAAC}"
EndProject
Project("{FAE04EC0-301F-11D3-BF4B-00C04F79EFBC}") = "Archivist", "Archivist\Archivist.csproj", "{16F70C24-FE0D-40F7-8DB2-71142A023973}"
EndProject
Project("{2150E333-8FDC-42A3-9474-1A3956D46DE8}") = "Configurations", "Configurations", "{4F1EAF1E-5CFC-455B-A542-B741499269CA}"
	ProjectSection(SolutionItems) = preProject
		Configurations\log4net.xml = Configurations\log4net.xml
	EndProjectSection
EndProject
Project("{2150E333-8FDC-42A3-9474-1A3956D46DE8}") = "Testing", "Testing", "{31CB07D8-801E-42C4-A8B0-93D53C090A78}"
EndProject
Project("{FAE04EC0-301F-11D3-BF4B-00C04F79EFBC}") = "ModuleTesting", "ModuleTesting\ModuleTesting.csproj", "{D751D3CA-0B57-4D07-8655-9F6885258A5A}"
EndProject
Project("{FAE04EC0-301F-11D3-BF4B-00C04F79EFBC}") = "ArchivistTesting", "ArchivistTesting\ArchivistTesting.csproj", "{DDAAA925-8941-4669-A163-C08E8236D276}"
EndProject
Project("{2150E333-8FDC-42A3-9474-1A3956D46DE8}") = "Resources", "Resources", "{756066F6-3EDC-4B46-A70E-2D4D8C71840F}"
EndProject
Project("{FAE04EC0-301F-11D3-BF4B-00C04F79EFBC}") = "CharacterDataObjects", "CharacterDataObjects\CharacterDataObjects.csproj", "{1F0DF7A8-B569-4FBD-8BDA-EB6BF2D5521D}"
EndProject
Global
	GlobalSection(SolutionConfigurationPlatforms) = preSolution
		Debug|Any CPU = Debug|Any CPU
		Debug|x86 = Debug|x86
		Release|Any CPU = Release|Any CPU
		Release|x86 = Release|x86
	EndGlobalSection
	GlobalSection(ProjectConfigurationPlatforms) = postSolution
		{DB031A89-474F-4497-BE02-F1B59B9D0ABB}.Debug|Any CPU.ActiveCfg = Debug|Any CPU
		{DB031A89-474F-4497-BE02-F1B59B9D0ABB}.Debug|Any CPU.Build.0 = Debug|Any CPU
		{DB031A89-474F-4497-BE02-F1B59B9D0ABB}.Debug|x86.ActiveCfg = Debug|x86
		{DB031A89-474F-4497-BE02-F1B59B9D0ABB}.Debug|x86.Build.0 = Debug|x86
		{DB031A89-474F-4497-BE02-F1B59B9D0ABB}.Release|Any CPU.ActiveCfg = Release|Any CPU
		{DB031A89-474F-4497-BE02-F1B59B9D0ABB}.Release|Any CPU.Build.0 = Release|Any CPU
		{DB031A89-474F-4497-BE02-F1B59B9D0ABB}.Release|x86.ActiveCfg = Release|x86
		{DB031A89-474F-4497-BE02-F1B59B9D0ABB}.Release|x86.Build.0 = Release|x86
		{04483DC1-300B-4EFC-8A8F-33E7B07D1EFB}.Debug|Any CPU.ActiveCfg = Debug|Any CPU
		{04483DC1-300B-4EFC-8A8F-33E7B07D1EFB}.Debug|Any CPU.Build.0 = Debug|Any CPU
		{04483DC1-300B-4EFC-8A8F-33E7B07D1EFB}.Debug|x86.ActiveCfg = Debug|x86
		{04483DC1-300B-4EFC-8A8F-33E7B07D1EFB}.Debug|x86.Build.0 = Debug|x86
		{04483DC1-300B-4EFC-8A8F-33E7B07D1EFB}.Release|Any CPU.ActiveCfg = Release|Any CPU
		{04483DC1-300B-4EFC-8A8F-33E7B07D1EFB}.Release|Any CPU.Build.0 = Release|Any CPU
		{04483DC1-300B-4EFC-8A8F-33E7B07D1EFB}.Release|x86.ActiveCfg = Release|x86
		{04483DC1-300B-4EFC-8A8F-33E7B07D1EFB}.Release|x86.Build.0 = Release|x86
		{8C2F9833-4A94-4706-983E-2DB738E88AF3}.Debug|Any CPU.ActiveCfg = Debug|Any CPU
		{8C2F9833-4A94-4706-983E-2DB738E88AF3}.Debug|Any CPU.Build.0 = Debug|Any CPU
		{8C2F9833-4A94-4706-983E-2DB738E88AF3}.Debug|x86.ActiveCfg = Debug|x86
		{8C2F9833-4A94-4706-983E-2DB738E88AF3}.Debug|x86.Build.0 = Debug|x86
		{8C2F9833-4A94-4706-983E-2DB738E88AF3}.Release|Any CPU.ActiveCfg = Release|Any CPU
		{8C2F9833-4A94-4706-983E-2DB738E88AF3}.Release|Any CPU.Build.0 = Release|Any CPU
		{8C2F9833-4A94-4706-983E-2DB738E88AF3}.Release|x86.ActiveCfg = Release|x86
		{8C2F9833-4A94-4706-983E-2DB738E88AF3}.Release|x86.Build.0 = Release|x86
		{8454F67A-6822-4B76-BAA4-989367AE035A}.Debug|Any CPU.ActiveCfg = Debug|Any CPU
		{8454F67A-6822-4B76-BAA4-989367AE035A}.Debug|Any CPU.Build.0 = Debug|Any CPU
		{8454F67A-6822-4B76-BAA4-989367AE035A}.Debug|x86.ActiveCfg = Debug|x86
		{8454F67A-6822-4B76-BAA4-989367AE035A}.Debug|x86.Build.0 = Debug|x86
		{8454F67A-6822-4B76-BAA4-989367AE035A}.Release|Any CPU.ActiveCfg = Release|Any CPU
		{8454F67A-6822-4B76-BAA4-989367AE035A}.Release|Any CPU.Build.0 = Release|Any CPU
		{8454F67A-6822-4B76-BAA4-989367AE035A}.Release|x86.ActiveCfg = Release|x86
		{8454F67A-6822-4B76-BAA4-989367AE035A}.Release|x86.Build.0 = Release|x86
		{4383310F-5998-4D74-972A-C55F1617DF2F}.Debug|Any CPU.ActiveCfg = Debug|Any CPU
		{4383310F-5998-4D74-972A-C55F1617DF2F}.Debug|Any CPU.Build.0 = Debug|Any CPU
		{4383310F-5998-4D74-972A-C55F1617DF2F}.Debug|x86.ActiveCfg = Debug|x86
		{4383310F-5998-4D74-972A-C55F1617DF2F}.Debug|x86.Build.0 = Debug|x86
		{4383310F-5998-4D74-972A-C55F1617DF2F}.Release|Any CPU.ActiveCfg = Release|Any CPU
		{4383310F-5998-4D74-972A-C55F1617DF2F}.Release|Any CPU.Build.0 = Release|Any CPU
		{4383310F-5998-4D74-972A-C55F1617DF2F}.Release|x86.ActiveCfg = Release|x86
		{4383310F-5998-4D74-972A-C55F1617DF2F}.Release|x86.Build.0 = Release|x86
		{53CD7A1B-B743-4605-8813-64227D0C7190}.Debug|Any CPU.ActiveCfg = Debug|Any CPU
		{53CD7A1B-B743-4605-8813-64227D0C7190}.Debug|Any CPU.Build.0 = Debug|Any CPU
		{53CD7A1B-B743-4605-8813-64227D0C7190}.Debug|Any CPU.Deploy.0 = Debug|Any CPU
		{53CD7A1B-B743-4605-8813-64227D0C7190}.Debug|x86.ActiveCfg = Debug|x86
		{53CD7A1B-B743-4605-8813-64227D0C7190}.Debug|x86.Build.0 = Debug|x86
		{53CD7A1B-B743-4605-8813-64227D0C7190}.Release|Any CPU.ActiveCfg = Release|Any CPU
		{53CD7A1B-B743-4605-8813-64227D0C7190}.Release|Any CPU.Build.0 = Release|Any CPU
		{53CD7A1B-B743-4605-8813-64227D0C7190}.Release|x86.ActiveCfg = Release|x86
		{53CD7A1B-B743-4605-8813-64227D0C7190}.Release|x86.Build.0 = Release|x86
		{EA7669D4-1E0C-43F1-B95D-7CB546946BA1}.Debug|Any CPU.ActiveCfg = Debug|Any CPU
		{EA7669D4-1E0C-43F1-B95D-7CB546946BA1}.Debug|Any CPU.Build.0 = Debug|Any CPU
		{EA7669D4-1E0C-43F1-B95D-7CB546946BA1}.Debug|x86.ActiveCfg = Debug|x86
		{EA7669D4-1E0C-43F1-B95D-7CB546946BA1}.Debug|x86.Build.0 = Debug|x86
		{EA7669D4-1E0C-43F1-B95D-7CB546946BA1}.Release|Any CPU.ActiveCfg = Release|Any CPU
		{EA7669D4-1E0C-43F1-B95D-7CB546946BA1}.Release|Any CPU.Build.0 = Release|Any CPU
		{EA7669D4-1E0C-43F1-B95D-7CB546946BA1}.Release|x86.ActiveCfg = Release|x86
		{EA7669D4-1E0C-43F1-B95D-7CB546946BA1}.Release|x86.Build.0 = Release|x86
		{6F33588C-D90A-440B-BB32-32289581C938}.Debug|Any CPU.ActiveCfg = Debug|Any CPU
		{6F33588C-D90A-440B-BB32-32289581C938}.Debug|Any CPU.Build.0 = Debug|Any CPU
		{6F33588C-D90A-440B-BB32-32289581C938}.Debug|x86.ActiveCfg = Debug|x86
		{6F33588C-D90A-440B-BB32-32289581C938}.Debug|x86.Build.0 = Debug|x86
		{6F33588C-D90A-440B-BB32-32289581C938}.Release|Any CPU.ActiveCfg = Release|Any CPU
		{6F33588C-D90A-440B-BB32-32289581C938}.Release|Any CPU.Build.0 = Release|Any CPU
		{6F33588C-D90A-440B-BB32-32289581C938}.Release|x86.ActiveCfg = Release|x86
		{6F33588C-D90A-440B-BB32-32289581C938}.Release|x86.Build.0 = Release|x86
		{9DB6FA74-C19F-402D-87AE-F423FA3719D6}.Debug|Any CPU.ActiveCfg = Debug|Any CPU
		{9DB6FA74-C19F-402D-87AE-F423FA3719D6}.Debug|Any CPU.Build.0 = Debug|Any CPU
		{9DB6FA74-C19F-402D-87AE-F423FA3719D6}.Debug|x86.ActiveCfg = Debug|x86
		{9DB6FA74-C19F-402D-87AE-F423FA3719D6}.Debug|x86.Build.0 = Debug|x86
		{9DB6FA74-C19F-402D-87AE-F423FA3719D6}.Release|Any CPU.ActiveCfg = Release|Any CPU
		{9DB6FA74-C19F-402D-87AE-F423FA3719D6}.Release|Any CPU.Build.0 = Release|Any CPU
		{9DB6FA74-C19F-402D-87AE-F423FA3719D6}.Release|x86.ActiveCfg = Release|x86
		{9DB6FA74-C19F-402D-87AE-F423FA3719D6}.Release|x86.Build.0 = Release|x86
		{4DD8CD17-FD03-45F5-B980-379B27C22066}.Debug|Any CPU.ActiveCfg = Debug|Any CPU
		{4DD8CD17-FD03-45F5-B980-379B27C22066}.Debug|Any CPU.Build.0 = Debug|Any CPU
		{4DD8CD17-FD03-45F5-B980-379B27C22066}.Debug|x86.ActiveCfg = Debug|x86
		{4DD8CD17-FD03-45F5-B980-379B27C22066}.Debug|x86.Build.0 = Debug|x86
		{4DD8CD17-FD03-45F5-B980-379B27C22066}.Release|Any CPU.ActiveCfg = Release|Any CPU
		{4DD8CD17-FD03-45F5-B980-379B27C22066}.Release|Any CPU.Build.0 = Release|Any CPU
		{4DD8CD17-FD03-45F5-B980-379B27C22066}.Release|x86.ActiveCfg = Release|x86
		{4DD8CD17-FD03-45F5-B980-379B27C22066}.Release|x86.Build.0 = Release|x86
		{CF3363EB-89F9-4E99-A846-C83922E85854}.Debug|Any CPU.ActiveCfg = Debug|Any CPU
		{CF3363EB-89F9-4E99-A846-C83922E85854}.Debug|Any CPU.Build.0 = Debug|Any CPU
		{CF3363EB-89F9-4E99-A846-C83922E85854}.Debug|x86.ActiveCfg = Debug|x86
		{CF3363EB-89F9-4E99-A846-C83922E85854}.Debug|x86.Build.0 = Debug|x86
		{CF3363EB-89F9-4E99-A846-C83922E85854}.Release|Any CPU.ActiveCfg = Release|Any CPU
		{CF3363EB-89F9-4E99-A846-C83922E85854}.Release|Any CPU.Build.0 = Release|Any CPU
		{CF3363EB-89F9-4E99-A846-C83922E85854}.Release|x86.ActiveCfg = Release|x86
		{CF3363EB-89F9-4E99-A846-C83922E85854}.Release|x86.Build.0 = Release|x86
		{C74E9B04-59D5-47CC-A560-D483039A928F}.Debug|Any CPU.ActiveCfg = Debug|Any CPU
		{C74E9B04-59D5-47CC-A560-D483039A928F}.Debug|Any CPU.Build.0 = Debug|Any CPU
		{C74E9B04-59D5-47CC-A560-D483039A928F}.Debug|x86.ActiveCfg = Debug|Any CPU
		{C74E9B04-59D5-47CC-A560-D483039A928F}.Debug|x86.Build.0 = Debug|Any CPU
		{C74E9B04-59D5-47CC-A560-D483039A928F}.Release|Any CPU.ActiveCfg = Release|Any CPU
		{C74E9B04-59D5-47CC-A560-D483039A928F}.Release|Any CPU.Build.0 = Release|Any CPU
		{C74E9B04-59D5-47CC-A560-D483039A928F}.Release|x86.ActiveCfg = Release|Any CPU
		{91FAEEE9-CA20-453D-A8BA-247B5AFBBAAC}.Debug|Any CPU.ActiveCfg = Debug|Any CPU
		{91FAEEE9-CA20-453D-A8BA-247B5AFBBAAC}.Debug|Any CPU.Build.0 = Debug|Any CPU
		{91FAEEE9-CA20-453D-A8BA-247B5AFBBAAC}.Debug|x86.ActiveCfg = Debug|Any CPU
		{91FAEEE9-CA20-453D-A8BA-247B5AFBBAAC}.Release|Any CPU.ActiveCfg = Release|Any CPU
		{91FAEEE9-CA20-453D-A8BA-247B5AFBBAAC}.Release|Any CPU.Build.0 = Release|Any CPU
		{91FAEEE9-CA20-453D-A8BA-247B5AFBBAAC}.Release|x86.ActiveCfg = Release|Any CPU
		{16F70C24-FE0D-40F7-8DB2-71142A023973}.Debug|Any CPU.ActiveCfg = Debug|Any CPU
		{16F70C24-FE0D-40F7-8DB2-71142A023973}.Debug|Any CPU.Build.0 = Debug|Any CPU
		{16F70C24-FE0D-40F7-8DB2-71142A023973}.Debug|x86.ActiveCfg = Debug|Any CPU
		{16F70C24-FE0D-40F7-8DB2-71142A023973}.Release|Any CPU.ActiveCfg = Release|Any CPU
		{16F70C24-FE0D-40F7-8DB2-71142A023973}.Release|Any CPU.Build.0 = Release|Any CPU
		{16F70C24-FE0D-40F7-8DB2-71142A023973}.Release|x86.ActiveCfg = Release|Any CPU
		{D751D3CA-0B57-4D07-8655-9F6885258A5A}.Debug|Any CPU.ActiveCfg = Debug|Any CPU
		{D751D3CA-0B57-4D07-8655-9F6885258A5A}.Debug|Any CPU.Build.0 = Debug|Any CPU
		{D751D3CA-0B57-4D07-8655-9F6885258A5A}.Debug|x86.ActiveCfg = Debug|Any CPU
		{D751D3CA-0B57-4D07-8655-9F6885258A5A}.Debug|x86.Build.0 = Debug|Any CPU
		{D751D3CA-0B57-4D07-8655-9F6885258A5A}.Release|Any CPU.ActiveCfg = Release|Any CPU
		{D751D3CA-0B57-4D07-8655-9F6885258A5A}.Release|Any CPU.Build.0 = Release|Any CPU
		{D751D3CA-0B57-4D07-8655-9F6885258A5A}.Release|x86.ActiveCfg = Release|Any CPU
		{D751D3CA-0B57-4D07-8655-9F6885258A5A}.Release|x86.Build.0 = Release|Any CPU
		{DDAAA925-8941-4669-A163-C08E8236D276}.Debug|Any CPU.ActiveCfg = Debug|Any CPU
		{DDAAA925-8941-4669-A163-C08E8236D276}.Debug|Any CPU.Build.0 = Debug|Any CPU
		{DDAAA925-8941-4669-A163-C08E8236D276}.Debug|x86.ActiveCfg = Debug|Any CPU
		{DDAAA925-8941-4669-A163-C08E8236D276}.Debug|x86.Build.0 = Debug|Any CPU
		{DDAAA925-8941-4669-A163-C08E8236D276}.Release|Any CPU.ActiveCfg = Release|Any CPU
		{DDAAA925-8941-4669-A163-C08E8236D276}.Release|Any CPU.Build.0 = Release|Any CPU
		{DDAAA925-8941-4669-A163-C08E8236D276}.Release|x86.ActiveCfg = Release|Any CPU
		{DDAAA925-8941-4669-A163-C08E8236D276}.Release|x86.Build.0 = Release|Any CPU
		{1F0DF7A8-B569-4FBD-8BDA-EB6BF2D5521D}.Debug|Any CPU.ActiveCfg = Debug|Any CPU
		{1F0DF7A8-B569-4FBD-8BDA-EB6BF2D5521D}.Debug|Any CPU.Build.0 = Debug|Any CPU
		{1F0DF7A8-B569-4FBD-8BDA-EB6BF2D5521D}.Debug|x86.ActiveCfg = Debug|Any CPU
		{1F0DF7A8-B569-4FBD-8BDA-EB6BF2D5521D}.Debug|x86.Build.0 = Debug|Any CPU
		{1F0DF7A8-B569-4FBD-8BDA-EB6BF2D5521D}.Release|Any CPU.ActiveCfg = Release|Any CPU
		{1F0DF7A8-B569-4FBD-8BDA-EB6BF2D5521D}.Release|Any CPU.Build.0 = Release|Any CPU
		{1F0DF7A8-B569-4FBD-8BDA-EB6BF2D5521D}.Release|x86.ActiveCfg = Release|Any CPU
		{1F0DF7A8-B569-4FBD-8BDA-EB6BF2D5521D}.Release|x86.Build.0 = Release|Any CPU
	EndGlobalSection
	GlobalSection(SolutionProperties) = preSolution
		HideSolutionNode = FALSE
	EndGlobalSection
	GlobalSection(NestedProjects) = preSolution
		{04483DC1-300B-4EFC-8A8F-33E7B07D1EFB} = {EE5C3D89-183B-4474-BA5B-FFDFC1F0F0EF}
		{8C2F9833-4A94-4706-983E-2DB738E88AF3} = {EE5C3D89-183B-4474-BA5B-FFDFC1F0F0EF}
		{8454F67A-6822-4B76-BAA4-989367AE035A} = {EE5C3D89-183B-4474-BA5B-FFDFC1F0F0EF}
		{4383310F-5998-4D74-972A-C55F1617DF2F} = {EE5C3D89-183B-4474-BA5B-FFDFC1F0F0EF}
		{53CD7A1B-B743-4605-8813-64227D0C7190} = {EE5C3D89-183B-4474-BA5B-FFDFC1F0F0EF}
		{6F33588C-D90A-440B-BB32-32289581C938} = {756066F6-3EDC-4B46-A70E-2D4D8C71840F}
		{9DB6FA74-C19F-402D-87AE-F423FA3719D6} = {EE5C3D89-183B-4474-BA5B-FFDFC1F0F0EF}
		{4DD8CD17-FD03-45F5-B980-379B27C22066} = {EE5C3D89-183B-4474-BA5B-FFDFC1F0F0EF}
		{CF3363EB-89F9-4E99-A846-C83922E85854} = {EE5C3D89-183B-4474-BA5B-FFDFC1F0F0EF}
		{C74E9B04-59D5-47CC-A560-D483039A928F} = {EE5C3D89-183B-4474-BA5B-FFDFC1F0F0EF}
		{91FAEEE9-CA20-453D-A8BA-247B5AFBBAAC} = {EE5C3D89-183B-4474-BA5B-FFDFC1F0F0EF}
		{D751D3CA-0B57-4D07-8655-9F6885258A5A} = {31CB07D8-801E-42C4-A8B0-93D53C090A78}
		{DDAAA925-8941-4669-A163-C08E8236D276} = {31CB07D8-801E-42C4-A8B0-93D53C090A78}
		{756066F6-3EDC-4B46-A70E-2D4D8C71840F} = {EE5C3D89-183B-4474-BA5B-FFDFC1F0F0EF}
	EndGlobalSection
EndGlobal
